
Microsoft Visual Studio Solution File, Format Version 12.00
# Visual Studio Version 16
VisualStudioVersion = 16.0.29920.165
MinimumVisualStudioVersion = 10.0.40219.1
Project("{FAE04EC0-301F-11D3-BF4B-00C04F79EFBC}") = "NFCe.Api", "NFCe.Api\NFCe.Api.csproj", "{B0F9BE96-1A6B-4D78-8C31-7A16AF7EC256}"
EndProject
Global
	GlobalSection(SolutionConfigurationPlatforms) = preSolution
		Debug|Any CPU = Debug|Any CPU
		Release|Any CPU = Release|Any CPU
	EndGlobalSection
	GlobalSection(ProjectConfigurationPlatforms) = postSolution
		{B0F9BE96-1A6B-4D78-8C31-7A16AF7EC256}.Debug|Any CPU.ActiveCfg = Debug|Any CPU
		{B0F9BE96-1A6B-4D78-8C31-7A16AF7EC256}.Debug|Any CPU.Build.0 = Debug|Any CPU
		{B0F9BE96-1A6B-4D78-8C31-7A16AF7EC256}.Release|Any CPU.ActiveCfg = Release|Any CPU
		{B0F9BE96-1A6B-4D78-8C31-7A16AF7EC256}.Release|Any CPU.Build.0 = Release|Any CPU
	EndGlobalSection
	GlobalSection(SolutionProperties) = preSolution
		HideSolutionNode = FALSE
	EndGlobalSection
	GlobalSection(ExtensibilityGlobals) = postSolution
		SolutionGuid = {F5B57225-4EBD-445E-9572-2B94811F4E19}
	EndGlobalSection
EndGlobal
